// !$*UTF8*$!
{
	archiveVersion = 1;
	classes = {
	};
	objectVersion = 51;
	objects = {

/* Begin PBXBuildFile section */
		276698CD230BB95D005CE65F /* AstaSimpleInfiniteView.swift in Sources */ = {isa = PBXBuildFile; fileRef = 276698CC230BB95D005CE65F /* AstaSimpleInfiniteView.swift */; };
		27DDB3B122FD596000127939 /* AppDelegate.swift in Sources */ = {isa = PBXBuildFile; fileRef = 27DDB3B022FD596000127939 /* AppDelegate.swift */; };
		27DDB3B322FD596000127939 /* ViewController.swift in Sources */ = {isa = PBXBuildFile; fileRef = 27DDB3B222FD596000127939 /* ViewController.swift */; };
		27DDB3B622FD596000127939 /* Main.storyboard in Resources */ = {isa = PBXBuildFile; fileRef = 27DDB3B422FD596000127939 /* Main.storyboard */; };
		27DDB3B822FD596200127939 /* Assets.xcassets in Resources */ = {isa = PBXBuildFile; fileRef = 27DDB3B722FD596200127939 /* Assets.xcassets */; };
		27DDB3BB22FD596200127939 /* LaunchScreen.storyboard in Resources */ = {isa = PBXBuildFile; fileRef = 27DDB3B922FD596200127939 /* LaunchScreen.storyboard */; };
		27DDB3C922FD5BA000127939 /* AstaPageControl.swift in Sources */ = {isa = PBXBuildFile; fileRef = 27DDB3C722FD5BA000127939 /* AstaPageControl.swift */; };
		27DDB3CA22FD5BA000127939 /* AstaInfiniteScrollView.swift in Sources */ = {isa = PBXBuildFile; fileRef = 27DDB3C822FD5BA000127939 /* AstaInfiniteScrollView.swift */; };
		A12071BE58E523C773C11045 /* Pods_Demo.framework in Frameworks */ = {isa = PBXBuildFile; fileRef = 2EB92410C4707E8DBBBDA3C9 /* Pods_Demo.framework */; };
/* End PBXBuildFile section */

/* Begin PBXFileReference section */
		276698CC230BB95D005CE65F /* AstaSimpleInfiniteView.swift */ = {isa = PBXFileReference; lastKnownFileType = sourcecode.swift; path = AstaSimpleInfiniteView.swift; sourceTree = "<group>"; };
		27DDB3AD22FD596000127939 /* Demo.app */ = {isa = PBXFileReference; explicitFileType = wrapper.application; includeInIndex = 0; path = Demo.app; sourceTree = BUILT_PRODUCTS_DIR; };
		27DDB3B022FD596000127939 /* AppDelegate.swift */ = {isa = PBXFileReference; lastKnownFileType = sourcecode.swift; path = AppDelegate.swift; sourceTree = "<group>"; };
		27DDB3B222FD596000127939 /* ViewController.swift */ = {isa = PBXFileReference; lastKnownFileType = sourcecode.swift; path = ViewController.swift; sourceTree = "<group>"; };
		27DDB3B522FD596000127939 /* Base */ = {isa = PBXFileReference; lastKnownFileType = file.storyboard; name = Base; path = Base.lproj/Main.storyboard; sourceTree = "<group>"; };
		27DDB3B722FD596200127939 /* Assets.xcassets */ = {isa = PBXFileReference; lastKnownFileType = folder.assetcatalog; path = Assets.xcassets; sourceTree = "<group>"; };
		27DDB3BA22FD596200127939 /* Base */ = {isa = PBXFileReference; lastKnownFileType = file.storyboard; name = Base; path = Base.lproj/LaunchScreen.storyboard; sourceTree = "<group>"; };
		27DDB3BC22FD596200127939 /* Info.plist */ = {isa = PBXFileReference; lastKnownFileType = text.plist.xml; path = Info.plist; sourceTree = "<group>"; };
		27DDB3C722FD5BA000127939 /* AstaPageControl.swift */ = {isa = PBXFileReference; lastKnownFileType = sourcecode.swift; path = AstaPageControl.swift; sourceTree = "<group>"; };
		27DDB3C822FD5BA000127939 /* AstaInfiniteScrollView.swift */ = {isa = PBXFileReference; lastKnownFileType = sourcecode.swift; path = AstaInfiniteScrollView.swift; sourceTree = "<group>"; };
		2EB92410C4707E8DBBBDA3C9 /* Pods_Demo.framework */ = {isa = PBXFileReference; explicitFileType = wrapper.framework; includeInIndex = 0; path = Pods_Demo.framework; sourceTree = BUILT_PRODUCTS_DIR; };
		47C68E6F65ABA70818A354AE /* Pods-Demo.debug.xcconfig */ = {isa = PBXFileReference; includeInIndex = 1; lastKnownFileType = text.xcconfig; name = "Pods-Demo.debug.xcconfig"; path = "Target Support Files/Pods-Demo/Pods-Demo.debug.xcconfig"; sourceTree = "<group>"; };
		9A52C79265E1288C56C5F19A /* Pods-Demo.release.xcconfig */ = {isa = PBXFileReference; includeInIndex = 1; lastKnownFileType = text.xcconfig; name = "Pods-Demo.release.xcconfig"; path = "Target Support Files/Pods-Demo/Pods-Demo.release.xcconfig"; sourceTree = "<group>"; };
/* End PBXFileReference section */

/* Begin PBXFrameworksBuildPhase section */
		27DDB3AA22FD596000127939 /* Frameworks */ = {
			isa = PBXFrameworksBuildPhase;
			buildActionMask = 2147483647;
			files = (
				A12071BE58E523C773C11045 /* Pods_Demo.framework in Frameworks */,
			);
			runOnlyForDeploymentPostprocessing = 0;
		};
/* End PBXFrameworksBuildPhase section */

/* Begin PBXGroup section */
		27DDB3A422FD596000127939 = {
			isa = PBXGroup;
			children = (
				27DDB3AF22FD596000127939 /* Demo */,
				27DDB3AE22FD596000127939 /* Products */,
				9C188C1B1087E3DA2D206DB8 /* Pods */,
				39FC345E137CC4C42106A71E /* Frameworks */,
			);
			sourceTree = "<group>";
		};
		27DDB3AE22FD596000127939 /* Products */ = {
			isa = PBXGroup;
			children = (
				27DDB3AD22FD596000127939 /* Demo.app */,
			);
			name = Products;
			sourceTree = "<group>";
		};
		27DDB3AF22FD596000127939 /* Demo */ = {
			isa = PBXGroup;
			children = (
				27DDB3CB22FD5C1900127939 /* AstaInfiniteScrollView */,
				27DDB3B022FD596000127939 /* AppDelegate.swift */,
				27DDB3B222FD596000127939 /* ViewController.swift */,
				27DDB3B422FD596000127939 /* Main.storyboard */,
				27DDB3B722FD596200127939 /* Assets.xcassets */,
				27DDB3B922FD596200127939 /* LaunchScreen.storyboard */,
				27DDB3BC22FD596200127939 /* Info.plist */,
			);
			path = Demo;
			sourceTree = "<group>";
		};
		27DDB3CB22FD5C1900127939 /* AstaInfiniteScrollView */ = {
			isa = PBXGroup;
			children = (
				27DDB3C822FD5BA000127939 /* AstaInfiniteScrollView.swift */,
				27DDB3C722FD5BA000127939 /* AstaPageControl.swift */,
				276698CC230BB95D005CE65F /* AstaSimpleInfiniteView.swift */,
			);
			path = AstaInfiniteScrollView;
			sourceTree = "<group>";
		};
		39FC345E137CC4C42106A71E /* Frameworks */ = {
			isa = PBXGroup;
			children = (
				2EB92410C4707E8DBBBDA3C9 /* Pods_Demo.framework */,
			);
			name = Frameworks;
			sourceTree = "<group>";
		};
		9C188C1B1087E3DA2D206DB8 /* Pods */ = {
			isa = PBXGroup;
			children = (
				47C68E6F65ABA70818A354AE /* Pods-Demo.debug.xcconfig */,
				9A52C79265E1288C56C5F19A /* Pods-Demo.release.xcconfig */,
			);
			path = Pods;
			sourceTree = "<group>";
		};
/* End PBXGroup section */

/* Begin PBXNativeTarget section */
		27DDB3AC22FD596000127939 /* Demo */ = {
			isa = PBXNativeTarget;
			buildConfigurationList = 27DDB3BF22FD596200127939 /* Build configuration list for PBXNativeTarget "Demo" */;
			buildPhases = (
				9E770B8CD22EECD4905AA90C /* [CP] Check Pods Manifest.lock */,
				27DDB3A922FD596000127939 /* Sources */,
				27DDB3AA22FD596000127939 /* Frameworks */,
				27DDB3AB22FD596000127939 /* Resources */,
				2BA3984C257990E0F28FA86D /* [CP] Embed Pods Frameworks */,
			);
			buildRules = (
			);
			dependencies = (
			);
			name = Demo;
			productName = Demo;
			productReference = 27DDB3AD22FD596000127939 /* Demo.app */;
			productType = "com.apple.product-type.application";
		};
/* End PBXNativeTarget section */

/* Begin PBXProject section */
		27DDB3A522FD596000127939 /* Project object */ = {
			isa = PBXProject;
			attributes = {
				LastSwiftUpdateCheck = 1030;
				LastUpgradeCheck = 1030;
				ORGANIZATIONNAME = "余汪送";
				TargetAttributes = {
					27DDB3AC22FD596000127939 = {
						CreatedOnToolsVersion = 10.3;
					};
				};
			};
			buildConfigurationList = 27DDB3A822FD596000127939 /* Build configuration list for PBXProject "Demo" */;
			compatibilityVersion = "Xcode 9.3";
			developmentRegion = en;
			hasScannedForEncodings = 0;
			knownRegions = (
				en,
				Base,
			);
			mainGroup = 27DDB3A422FD596000127939;
			productRefGroup = 27DDB3AE22FD596000127939 /* Products */;
			projectDirPath = "";
			projectRoot = "";
			targets = (
				27DDB3AC22FD596000127939 /* Demo */,
			);
		};
/* End PBXProject section */

/* Begin PBXResourcesBuildPhase section */
		27DDB3AB22FD596000127939 /* Resources */ = {
			isa = PBXResourcesBuildPhase;
			buildActionMask = 2147483647;
			files = (
				27DDB3BB22FD596200127939 /* LaunchScreen.storyboard in Resources */,
				27DDB3B822FD596200127939 /* Assets.xcassets in Resources */,
				27DDB3B622FD596000127939 /* Main.storyboard in Resources */,
			);
			runOnlyForDeploymentPostprocessing = 0;
		};
/* End PBXResourcesBuildPhase section */

/* Begin PBXShellScriptBuildPhase section */
		2BA3984C257990E0F28FA86D /* [CP] Embed Pods Frameworks */ = {
			isa = PBXShellScriptBuildPhase;
			buildActionMask = 2147483647;
			files = (
			);
			inputFileListPaths = (
				"${PODS_ROOT}/Target Support Files/Pods-Demo/Pods-Demo-frameworks-${CONFIGURATION}-input-files.xcfilelist",
			);
			name = "[CP] Embed Pods Frameworks";
			outputFileListPaths = (
				"${PODS_ROOT}/Target Support Files/Pods-Demo/Pods-Demo-frameworks-${CONFIGURATION}-output-files.xcfilelist",
			);
			runOnlyForDeploymentPostprocessing = 0;
			shellPath = /bin/sh;
			shellScript = "\"${PODS_ROOT}/Target Support Files/Pods-Demo/Pods-Demo-frameworks.sh\"\n";
			showEnvVarsInLog = 0;
		};
		9E770B8CD22EECD4905AA90C /* [CP] Check Pods Manifest.lock */ = {
			isa = PBXShellScriptBuildPhase;
			buildActionMask = 2147483647;
			files = (
			);
			inputFileListPaths = (
			);
			inputPaths = (
				"${PODS_PODFILE_DIR_PATH}/Podfile.lock",
				"${PODS_ROOT}/Manifest.lock",
			);
			name = "[CP] Check Pods Manifest.lock";
			outputFileListPaths = (
			);
			outputPaths = (
				"$(DERIVED_FILE_DIR)/Pods-Demo-checkManifestLockResult.txt",
			);
			runOnlyForDeploymentPostprocessing = 0;
			shellPath = /bin/sh;
			shellScript = "diff \"${PODS_PODFILE_DIR_PATH}/Podfile.lock\" \"${PODS_ROOT}/Manifest.lock\" > /dev/null\nif [ $? != 0 ] ; then\n    # print error to STDERR\n    echo \"error: The sandbox is not in sync with the Podfile.lock. Run 'pod install' or update your CocoaPods installation.\" >&2\n    exit 1\nfi\n# This output is used by Xcode 'outputs' to avoid re-running this script phase.\necho \"SUCCESS\" > \"${SCRIPT_OUTPUT_FILE_0}\"\n";
			showEnvVarsInLog = 0;
		};
/* End PBXShellScriptBuildPhase section */

/* Begin PBXSourcesBuildPhase section */
		27DDB3A922FD596000127939 /* Sources */ = {
			isa = PBXSourcesBuildPhase;
			buildActionMask = 2147483647;
			files = (
				276698CD230BB95D005CE65F /* AstaSimpleInfiniteView.swift in Sources */,
				27DDB3C922FD5BA000127939 /* AstaPageControl.swift in Sources */,
				27DDB3CA22FD5BA000127939 /* AstaInfiniteScrollView.swift in Sources */,
				27DDB3B322FD596000127939 /* ViewController.swift in Sources */,
				27DDB3B122FD596000127939 /* AppDelegate.swift in Sources */,
			);
			runOnlyForDeploymentPostprocessing = 0;
		};
/* End PBXSourcesBuildPhase section */

/* Begin PBXVariantGroup section */
		27DDB3B422FD596000127939 /* Main.storyboard */ = {
			isa = PBXVariantGroup;
			children = (
				27DDB3B522FD596000127939 /* Base */,
			);
			name = Main.storyboard;
			sourceTree = "<group>";
		};
		27DDB3B922FD596200127939 /* LaunchScreen.storyboard */ = {
			isa = PBXVariantGroup;
			children = (
				27DDB3BA22FD596200127939 /* Base */,
			);
			name = LaunchScreen.storyboard;
			sourceTree = "<group>";
		};
/* End PBXVariantGroup section */

/* Begin XCBuildConfiguration section */
		27DDB3BD22FD596200127939 /* Debug */ = {
			isa = XCBuildConfiguration;
			buildSettings = {
				ALWAYS_SEARCH_USER_PATHS = NO;
				CLANG_ANALYZER_NONNULL = YES;
				CLANG_ANALYZER_NUMBER_OBJECT_CONVERSION = YES_AGGRESSIVE;
				CLANG_CXX_LANGUAGE_STANDARD = "gnu++14";
				CLANG_CXX_LIBRARY = "libc++";
				CLANG_ENABLE_MODULES = YES;
				CLANG_ENABLE_OBJC_ARC = YES;
				CLANG_ENABLE_OBJC_WEAK = YES;
				CLANG_WARN_BLOCK_CAPTURE_AUTORELEASING = YES;
				CLANG_WARN_BOOL_CONVERSION = YES;
				CLANG_WARN_COMMA = YES;
				CLANG_WARN_CONSTANT_CONVERSION = YES;
				CLANG_WARN_DEPRECATED_OBJC_IMPLEMENTATIONS = YES;
				CLANG_WARN_DIRECT_OBJC_ISA_USAGE = YES_ERROR;
				CLANG_WARN_DOCUMENTATION_COMMENTS = YES;
				CLANG_WARN_EMPTY_BODY = YES;
				CLANG_WARN_ENUM_CONVERSION = YES;
				CLANG_WARN_INFINITE_RECURSION = YES;
				CLANG_WARN_INT_CONVERSION = YES;
				CLANG_WARN_NON_LITERAL_NULL_CONVERSION = YES;
				CLANG_WARN_OBJC_IMPLICIT_RETAIN_SELF = YES;
				CLANG_WARN_OBJC_LITERAL_CONVERSION = YES;
				CLANG_WARN_OBJC_ROOT_CLASS = YES_ERROR;
				CLANG_WARN_RANGE_LOOP_ANALYSIS = YES;
				CLANG_WARN_STRICT_PROTOTYPES = YES;
				CLANG_WARN_SUSPICIOUS_MOVE = YES;
				CLANG_WARN_UNGUARDED_AVAILABILITY = YES_AGGRESSIVE;
				CLANG_WARN_UNREACHABLE_CODE = YES;
				CLANG_WARN__DUPLICATE_METHOD_MATCH = YES;
				CODE_SIGN_IDENTITY = "iPhone Developer";
				COPY_PHASE_STRIP = NO;
				DEBUG_INFORMATION_FORMAT = dwarf;
				ENABLE_STRICT_OBJC_MSGSEND = YES;
				ENABLE_TESTABILITY = YES;
				GCC_C_LANGUAGE_STANDARD = gnu11;
				GCC_DYNAMIC_NO_PIC = NO;
				GCC_NO_COMMON_BLOCKS = YES;
				GCC_OPTIMIZATION_LEVEL = 0;
				GCC_PREPROCESSOR_DEFINITIONS = (
					"DEBUG=1",
					"$(inherited)",
				);
				GCC_WARN_64_TO_32_BIT_CONVERSION = YES;
				GCC_WARN_ABOUT_RETURN_TYPE = YES_ERROR;
				GCC_WARN_UNDECLARED_SELECTOR = YES;
				GCC_WARN_UNINITIALIZED_AUTOS = YES_AGGRESSIVE;
				GCC_WARN_UNUSED_FUNCTION = YES;
				GCC_WARN_UNUSED_VARIABLE = YES;
				IPHONEOS_DEPLOYMENT_TARGET = 12.4;
				MTL_ENABLE_DEBUG_INFO = INCLUDE_SOURCE;
				MTL_FAST_MATH = YES;
				ONLY_ACTIVE_ARCH = YES;
				SDKROOT = iphoneos;
				SWIFT_ACTIVE_COMPILATION_CONDITIONS = DEBUG;
				SWIFT_OPTIMIZATION_LEVEL = "-Onone";
			};
			name = Debug;
		};
		27DDB3BE22FD596200127939 /* Release */ = {
			isa = XCBuildConfiguration;
			buildSettings = {
				ALWAYS_SEARCH_USER_PATHS = NO;
				CLANG_ANALYZER_NONNULL = YES;
				CLANG_ANALYZER_NUMBER_OBJECT_CONVERSION = YES_AGGRESSIVE;
				CLANG_CXX_LANGUAGE_STANDARD = "gnu++14";
				CLANG_CXX_LIBRARY = "libc++";
				CLANG_ENABLE_MODULES = YES;
				CLANG_ENABLE_OBJC_ARC = YES;
				CLANG_ENABLE_OBJC_WEAK = YES;
				CLANG_WARN_BLOCK_CAPTURE_AUTORELEASING = YES;
				CLANG_WARN_BOOL_CONVERSION = YES;
				CLANG_WARN_COMMA = YES;
				CLANG_WARN_CONSTANT_CONVERSION = YES;
				CLANG_WARN_DEPRECATED_OBJC_IMPLEMENTATIONS = YES;
				CLANG_WARN_DIRECT_OBJC_ISA_USAGE = YES_ERROR;
				CLANG_WARN_DOCUMENTATION_COMMENTS = YES;
				CLANG_WARN_EMPTY_BODY = YES;
				CLANG_WARN_ENUM_CONVERSION = YES;
				CLANG_WARN_INFINITE_RECURSION = YES;
				CLANG_WARN_INT_CONVERSION = YES;
				CLANG_WARN_NON_LITERAL_NULL_CONVERSION = YES;
				CLANG_WARN_OBJC_IMPLICIT_RETAIN_SELF = YES;
				CLANG_WARN_OBJC_LITERAL_CONVERSION = YES;
				CLANG_WARN_OBJC_ROOT_CLASS = YES_ERROR;
				CLANG_WARN_RANGE_LOOP_ANALYSIS = YES;
				CLANG_WARN_STRICT_PROTOTYPES = YES;
				CLANG_WARN_SUSPICIOUS_MOVE = YES;
				CLANG_WARN_UNGUARDED_AVAILABILITY = YES_AGGRESSIVE;
				CLANG_WARN_UNREACHABLE_CODE = YES;
				CLANG_WARN__DUPLICATE_METHOD_MATCH = YES;
				CODE_SIGN_IDENTITY = "iPhone Developer";
				COPY_PHASE_STRIP = NO;
				DEBUG_INFORMATION_FORMAT = "dwarf-with-dsym";
				ENABLE_NS_ASSERTIONS = NO;
				ENABLE_STRICT_OBJC_MSGSEND = YES;
				GCC_C_LANGUAGE_STANDARD = gnu11;
				GCC_NO_COMMON_BLOCKS = YES;
				GCC_WARN_64_TO_32_BIT_CONVERSION = YES;
				GCC_WARN_ABOUT_RETURN_TYPE = YES_ERROR;
				GCC_WARN_UNDECLARED_SELECTOR = YES;
				GCC_WARN_UNINITIALIZED_AUTOS = YES_AGGRESSIVE;
				GCC_WARN_UNUSED_FUNCTION = YES;
				GCC_WARN_UNUSED_VARIABLE = YES;
				IPHONEOS_DEPLOYMENT_TARGET = 12.4;
				MTL_ENABLE_DEBUG_INFO = NO;
				MTL_FAST_MATH = YES;
				SDKROOT = iphoneos;
				SWIFT_COMPILATION_MODE = wholemodule;
				SWIFT_OPTIMIZATION_LEVEL = "-O";
				VALIDATE_PRODUCT = YES;
			};
			name = Release;
		};
		27DDB3C022FD596200127939 /* Debug */ = {
			isa = XCBuildConfiguration;
			baseConfigurationReference = 47C68E6F65ABA70818A354AE /* Pods-Demo.debug.xcconfig */;
			buildSettings = {
				ASSETCATALOG_COMPILER_APPICON_NAME = AppIcon;
				CODE_SIGN_STYLE = Automatic;
				INFOPLIST_FILE = Demo/Info.plist;
				LD_RUNPATH_SEARCH_PATHS = (
					"$(inherited)",
					"@executable_path/Frameworks",
				);
				PRODUCT_BUNDLE_IDENTIFIER = com.yuxx.Demo;
				PRODUCT_NAME = "$(TARGET_NAME)";
				SWIFT_VERSION = 5.0;
				TARGETED_DEVICE_FAMILY = "1,2";
			};
			name = Debug;
		};
		27DDB3C122FD596200127939 /* Release */ = {
			isa = XCBuildConfiguration;
			baseConfigurationReference = 9A52C79265E1288C56C5F19A /* Pods-Demo.release.xcconfig */;
			buildSettings = {
				ASSETCATALOG_COMPILER_APPICON_NAME = AppIcon;
				CODE_SIGN_STYLE = Automatic;
				INFOPLIST_FILE = Demo/Info.plist;
				LD_RUNPATH_SEARCH_PATHS = (
					"$(inherited)",
					"@executable_path/Frameworks",
				);
				PRODUCT_BUNDLE_IDENTIFIER = com.yuxx.Demo;
				PRODUCT_NAME = "$(TARGET_NAME)";
				SWIFT_VERSION = 5.0;
				TARGETED_DEVICE_FAMILY = "1,2";
			};
			name = Release;
		};
/* End XCBuildConfiguration section */

/* Begin XCConfigurationList section */
		27DDB3A822FD596000127939 /* Build configuration list for PBXProject "Demo" */ = {
			isa = XCConfigurationList;
			buildConfigurations = (
				27DDB3BD22FD596200127939 /* Debug */,
				27DDB3BE22FD596200127939 /* Release */,
			);
			defaultConfigurationIsVisible = 0;
			defaultConfigurationName = Release;
		};
		27DDB3BF22FD596200127939 /* Build configuration list for PBXNativeTarget "Demo" */ = {
			isa = XCConfigurationList;
			buildConfigurations = (
				27DDB3C022FD596200127939 /* Debug */,
				27DDB3C122FD596200127939 /* Release */,
			);
			defaultConfigurationIsVisible = 0;
			defaultConfigurationName = Release;
		};
/* End XCConfigurationList section */
	};
	rootObject = 27DDB3A522FD596000127939 /* Project object */;
}
